
Microsoft Visual Studio Solution File, Format Version 12.00
# Visual Studio Version 17
VisualStudioVersion = 17.14.36203.30
MinimumVisualStudioVersion = 10.0.40219.1
Project("{FAE04EC0-301F-11D3-BF4B-00C04F79EFBC}") = "BiatecTokensApi", "BiatecTokensApi\BiatecTokensApi.csproj", "{19D3122A-ED3C-4595-A5E2-F6E2BA9A7AE4}"
EndProject
Project("{FAE04EC0-301F-11D3-BF4B-00C04F79EFBC}") = "BiatecTokensTests", "BiatecTokensTests\BiatecTokensTests.csproj", "{7CC65A2A-5ED2-4110-A781-88897278EFD5}"
EndProject
Global
	GlobalSection(SolutionConfigurationPlatforms) = preSolution
		Debug|Any CPU = Debug|Any CPU
		Release|Any CPU = Release|Any CPU
	EndGlobalSection
	GlobalSection(ProjectConfigurationPlatforms) = postSolution
		{19D3122A-ED3C-4595-A5E2-F6E2BA9A7AE4}.Debug|Any CPU.ActiveCfg = Debug|Any CPU
		{19D3122A-ED3C-4595-A5E2-F6E2BA9A7AE4}.Debug|Any CPU.Build.0 = Debug|Any CPU
		{19D3122A-ED3C-4595-A5E2-F6E2BA9A7AE4}.Release|Any CPU.ActiveCfg = Release|Any CPU
		{19D3122A-ED3C-4595-A5E2-F6E2BA9A7AE4}.Release|Any CPU.Build.0 = Release|Any CPU
		{7CC65A2A-5ED2-4110-A781-88897278EFD5}.Debug|Any CPU.ActiveCfg = Debug|Any CPU
		{7CC65A2A-5ED2-4110-A781-88897278EFD5}.Debug|Any CPU.Build.0 = Debug|Any CPU
		{7CC65A2A-5ED2-4110-A781-88897278EFD5}.Release|Any CPU.ActiveCfg = Release|Any CPU
		{7CC65A2A-5ED2-4110-A781-88897278EFD5}.Release|Any CPU.Build.0 = Release|Any CPU
	EndGlobalSection
	GlobalSection(SolutionProperties) = preSolution
		HideSolutionNode = FALSE
	EndGlobalSection
	GlobalSection(ExtensibilityGlobals) = postSolution
		SolutionGuid = {E2FFB380-AA1D-4F38-9D6F-7A03B3FB867A}
	EndGlobalSection
EndGlobal
